# This file is automatically @generated by Cargo.
# It is not intended for manual editing.
version = 4

[[package]]
name = "foundation-wasm"
version = "0.0.0"

[[package]]
name = "plc-commissioning"
version = "0.1.0"
dependencies = [
 "plc-runtime",
]

[[package]]
name = "plc-compiler"
version = "0.1.0"
dependencies = [
 "plc-program",
 "plc-runtime",
]

[[package]]
name = "plc-core"
version = "0.1.0"

[[package]]
name = "plc-engineering-wasm"
version = "0.0.0"
dependencies = [
 "plc-core",
]

[[package]]
name = "plc-hardware"
version = "0.1.0"
dependencies = [
 "plc-core",
]

[[package]]
name = "plc-program"
version = "0.1.0"

[[package]]
name = "plc-runtime"
version = "0.1.0"
