# This file is automatically @generated by Cargo.
# It is not intended for manual editing.
version = 4

[[package]]
name = "foundation-wasm"
version = "0.0.0"

[[package]]
name = "plc-commissioning"
version = "0.1.0"
dependencies = [
 "plc-runtime",
]

[[package]]
name = "plc-compiler"
version = "0.1.0"
dependencies = [
 "plc-hardware",
 "plc-lad",
 "plc-language-tools",
 "plc-program",
 "plc-runtime",
 "plc-types",
]

[[package]]
name = "plc-core"
version = "0.1.0"

[[package]]
name = "plc-engineering-wasm"
version = "0.0.0"
dependencies = [
 "plc-commissioning",
 "plc-core",
 "plc-hardware",
 "plc-observability",
 "plc-runtime",
 "plc-system",
]

[[package]]
name = "plc-hardware"
version = "0.1.0"
dependencies = [
 "plc-core",
 "plc-types",
]

[[package]]
name = "plc-lad"
version = "0.1.0"
dependencies = [
 "plc-compiler",
 "plc-program",
 "plc-types",
]

[[package]]
name = "plc-language-tools"
version = "0.1.0"
dependencies = [
 "plc-compiler",
 "plc-core",
 "plc-program",
 "plc-types",
]

[[package]]
name = "plc-observability"
version = "0.1.0"
dependencies = [
 "plc-commissioning",
 "plc-hardware",
 "plc-runtime",
 "plc-types",
]

[[package]]
name = "plc-program"
version = "0.1.0"
dependencies = [
 "plc-types",
]

[[package]]
name = "plc-runtime"
version = "0.1.0"
dependencies = [
 "plc-types",
]

[[package]]
name = "plc-system"
version = "0.1.0"
dependencies = [
 "plc-commissioning",
 "plc-compiler",
 "plc-core",
 "plc-hardware",
 "plc-lad",
 "plc-language-tools",
 "plc-observability",
 "plc-program",
 "plc-runtime",
 "plc-types",
]

[[package]]
name = "plc-types"
version = "0.1.0"
